// !$*UTF8*$!
{
	archiveVersion = 1;
	classes = {
	};
	objectVersion = 46;
	objects = {

/* Begin PBXBuildFile section */
		9D6337671A1F561B003BB307 /* NameBuilder.swift in Sources */ = {isa = PBXBuildFile; fileRef = 9D6337661A1F561B003BB307 /* NameBuilder.swift */; };
		9DC5B1C31A1F54570064556E /* AppDelegate.swift in Sources */ = {isa = PBXBuildFile; fileRef = 9DC5B1C21A1F54570064556E /* AppDelegate.swift */; };
		9DC5B1C51A1F54570064556E /* ViewController.swift in Sources */ = {isa = PBXBuildFile; fileRef = 9DC5B1C41A1F54570064556E /* ViewController.swift */; };
		9DC5B1C81A1F54570064556E /* Main.storyboard in Resources */ = {isa = PBXBuildFile; fileRef = 9DC5B1C61A1F54570064556E /* Main.storyboard */; };
		9DC5B1CA1A1F54570064556E /* Images.xcassets in Resources */ = {isa = PBXBuildFile; fileRef = 9DC5B1C91A1F54570064556E /* Images.xcassets */; };
		9DC5B1CD1A1F54570064556E /* LaunchScreen.xib in Resources */ = {isa = PBXBuildFile; fileRef = 9DC5B1CB1A1F54570064556E /* LaunchScreen.xib */; };
		9DC5B1D91A1F54570064556E /* swift_weeklyTests.swift in Sources */ = {isa = PBXBuildFile; fileRef = 9DC5B1D81A1F54570064556E /* swift_weeklyTests.swift */; };
		9DC5B1E31A1F58300064556E /* Boy.swift in Sources */ = {isa = PBXBuildFile; fileRef = 9DC5B1E21A1F58300064556E /* Boy.swift */; };
		9DC5B1E51A1F5B190064556E /* FluentUrlConnection.swift in Sources */ = {isa = PBXBuildFile; fileRef = 9DC5B1E41A1F5B190064556E /* FluentUrlConnection.swift */; };
/* End PBXBuildFile section */

/* Begin PBXContainerItemProxy section */
		9DC5B1D31A1F54570064556E /* PBXContainerItemProxy */ = {
			isa = PBXContainerItemProxy;
			containerPortal = 9DC5B1B51A1F54570064556E /* Project object */;
			proxyType = 1;
			remoteGlobalIDString = 9DC5B1BC1A1F54570064556E;
			remoteInfo = "swift-weekly";
		};
/* End PBXContainerItemProxy section */

/* Begin PBXFileReference section */
		9D6337661A1F561B003BB307 /* NameBuilder.swift */ = {isa = PBXFileReference; fileEncoding = 4; lastKnownFileType = sourcecode.swift; path = NameBuilder.swift; sourceTree = "<group>"; };
		9DC5B1BD1A1F54570064556E /* swift-weekly.app */ = {isa = PBXFileReference; explicitFileType = wrapper.application; includeInIndex = 0; path = "swift-weekly.app"; sourceTree = BUILT_PRODUCTS_DIR; };
		9DC5B1C11A1F54570064556E /* Info.plist */ = {isa = PBXFileReference; lastKnownFileType = text.plist.xml; path = Info.plist; sourceTree = "<group>"; };
		9DC5B1C21A1F54570064556E /* AppDelegate.swift */ = {isa = PBXFileReference; lastKnownFileType = sourcecode.swift; path = AppDelegate.swift; sourceTree = "<group>"; };
		9DC5B1C41A1F54570064556E /* ViewController.swift */ = {isa = PBXFileReference; lastKnownFileType = sourcecode.swift; path = ViewController.swift; sourceTree = "<group>"; };
		9DC5B1C71A1F54570064556E /* Base */ = {isa = PBXFileReference; lastKnownFileType = file.storyboard; name = Base; path = Base.lproj/Main.storyboard; sourceTree = "<group>"; };
		9DC5B1C91A1F54570064556E /* Images.xcassets */ = {isa = PBXFileReference; lastKnownFileType = folder.assetcatalog; path = Images.xcassets; sourceTree = "<group>"; };
		9DC5B1CC1A1F54570064556E /* Base */ = {isa = PBXFileReference; lastKnownFileType = file.xib; name = Base; path = Base.lproj/LaunchScreen.xib; sourceTree = "<group>"; };
		9DC5B1D21A1F54570064556E /* swift-weeklyTests.xctest */ = {isa = PBXFileReference; explicitFileType = wrapper.cfbundle; includeInIndex = 0; path = "swift-weeklyTests.xctest"; sourceTree = BUILT_PRODUCTS_DIR; };
		9DC5B1D71A1F54570064556E /* Info.plist */ = {isa = PBXFileReference; lastKnownFileType = text.plist.xml; path = Info.plist; sourceTree = "<group>"; };
		9DC5B1D81A1F54570064556E /* swift_weeklyTests.swift */ = {isa = PBXFileReference; lastKnownFileType = sourcecode.swift; path = swift_weeklyTests.swift; sourceTree = "<group>"; };
		9DC5B1E21A1F58300064556E /* Boy.swift */ = {isa = PBXFileReference; fileEncoding = 4; lastKnownFileType = sourcecode.swift; path = Boy.swift; sourceTree = "<group>"; };
		9DC5B1E41A1F5B190064556E /* FluentUrlConnection.swift */ = {isa = PBXFileReference; fileEncoding = 4; lastKnownFileType = sourcecode.swift; path = FluentUrlConnection.swift; sourceTree = "<group>"; };
/* End PBXFileReference section */

/* Begin PBXFrameworksBuildPhase section */
		9DC5B1BA1A1F54570064556E /* Frameworks */ = {
			isa = PBXFrameworksBuildPhase;
			buildActionMask = 2147483647;
			files = (
			);
			runOnlyForDeploymentPostprocessing = 0;
		};
		9DC5B1CF1A1F54570064556E /* Frameworks */ = {
			isa = PBXFrameworksBuildPhase;
			buildActionMask = 2147483647;
			files = (
			);
			runOnlyForDeploymentPostprocessing = 0;
		};
/* End PBXFrameworksBuildPhase section */

/* Begin PBXGroup section */
		9DC5B1B41A1F54570064556E = {
			isa = PBXGroup;
			children = (
				9DC5B1BF1A1F54570064556E /* swift-weekly */,
				9DC5B1D51A1F54570064556E /* swift-weeklyTests */,
				9DC5B1BE1A1F54570064556E /* Products */,
			);
			sourceTree = "<group>";
		};
		9DC5B1BE1A1F54570064556E /* Products */ = {
			isa = PBXGroup;
			children = (
				9DC5B1BD1A1F54570064556E /* swift-weekly.app */,
				9DC5B1D21A1F54570064556E /* swift-weeklyTests.xctest */,
			);
			name = Products;
			sourceTree = "<group>";
		};
		9DC5B1BF1A1F54570064556E /* swift-weekly */ = {
			isa = PBXGroup;
			children = (
				9DC5B1C21A1F54570064556E /* AppDelegate.swift */,
				9DC5B1C41A1F54570064556E /* ViewController.swift */,
				9DC5B1C61A1F54570064556E /* Main.storyboard */,
				9DC5B1C91A1F54570064556E /* Images.xcassets */,
				9DC5B1CB1A1F54570064556E /* LaunchScreen.xib */,
				9DC5B1C01A1F54570064556E /* Supporting Files */,
				9D6337661A1F561B003BB307 /* NameBuilder.swift */,
				9DC5B1E21A1F58300064556E /* Boy.swift */,
				9DC5B1E41A1F5B190064556E /* FluentUrlConnection.swift */,
			);
			path = "swift-weekly";
			sourceTree = "<group>";
		};
		9DC5B1C01A1F54570064556E /* Supporting Files */ = {
			isa = PBXGroup;
			children = (
				9DC5B1C11A1F54570064556E /* Info.plist */,
			);
			name = "Supporting Files";
			sourceTree = "<group>";
		};
		9DC5B1D51A1F54570064556E /* swift-weeklyTests */ = {
			isa = PBXGroup;
			children = (
				9DC5B1D81A1F54570064556E /* swift_weeklyTests.swift */,
				9DC5B1D61A1F54570064556E /* Supporting Files */,
			);
			path = "swift-weeklyTests";
			sourceTree = "<group>";
		};
		9DC5B1D61A1F54570064556E /* Supporting Files */ = {
			isa = PBXGroup;
			children = (
				9DC5B1D71A1F54570064556E /* Info.plist */,
			);
			name = "Supporting Files";
			sourceTree = "<group>";
		};
/* End PBXGroup section */

/* Begin PBXNativeTarget section */
		9DC5B1BC1A1F54570064556E /* swift-weekly */ = {
			isa = PBXNativeTarget;
			buildConfigurationList = 9DC5B1DC1A1F54570064556E /* Build configuration list for PBXNativeTarget "swift-weekly" */;
			buildPhases = (
				9DC5B1B91A1F54570064556E /* Sources */,
				9DC5B1BA1A1F54570064556E /* Frameworks */,
				9DC5B1BB1A1F54570064556E /* Resources */,
			);
			buildRules = (
			);
			dependencies = (
			);
			name = "swift-weekly";
			productName = "swift-weekly";
			productReference = 9DC5B1BD1A1F54570064556E /* swift-weekly.app */;
			productType = "com.apple.product-type.application";
		};
		9DC5B1D11A1F54570064556E /* swift-weeklyTests */ = {
			isa = PBXNativeTarget;
			buildConfigurationList = 9DC5B1DF1A1F54570064556E /* Build configuration list for PBXNativeTarget "swift-weeklyTests" */;
			buildPhases = (
				9DC5B1CE1A1F54570064556E /* Sources */,
				9DC5B1CF1A1F54570064556E /* Frameworks */,
				9DC5B1D01A1F54570064556E /* Resources */,
			);
			buildRules = (
			);
			dependencies = (
				9DC5B1D41A1F54570064556E /* PBXTargetDependency */,
			);
			name = "swift-weeklyTests";
			productName = "swift-weeklyTests";
			productReference = 9DC5B1D21A1F54570064556E /* swift-weeklyTests.xctest */;
			productType = "com.apple.product-type.bundle.unit-test";
		};
/* End PBXNativeTarget section */

/* Begin PBXProject section */
		9DC5B1B51A1F54570064556E /* Project object */ = {
			isa = PBXProject;
			attributes = {
				LastUpgradeCheck = 0620;
				ORGANIZATIONNAME = "Pixolity Ltd.";
				TargetAttributes = {
					9DC5B1BC1A1F54570064556E = {
						CreatedOnToolsVersion = 6.2;
					};
					9DC5B1D11A1F54570064556E = {
						CreatedOnToolsVersion = 6.2;
						TestTargetID = 9DC5B1BC1A1F54570064556E;
					};
				};
			};
			buildConfigurationList = 9DC5B1B81A1F54570064556E /* Build configuration list for PBXProject "swift-weekly" */;
			compatibilityVersion = "Xcode 3.2";
			developmentRegion = English;
			hasScannedForEncodings = 0;
			knownRegions = (
				en,
				Base,
			);
			mainGroup = 9DC5B1B41A1F54570064556E;
			productRefGroup = 9DC5B1BE1A1F54570064556E /* Products */;
			projectDirPath = "";
			projectRoot = "";
			targets = (
				9DC5B1BC1A1F54570064556E /* swift-weekly */,
				9DC5B1D11A1F54570064556E /* swift-weeklyTests */,
			);
		};
/* End PBXProject section */

/* Begin PBXResourcesBuildPhase section */
		9DC5B1BB1A1F54570064556E /* Resources */ = {
			isa = PBXResourcesBuildPhase;
			buildActionMask = 2147483647;
			files = (
				9DC5B1C81A1F54570064556E /* Main.storyboard in Resources */,
				9DC5B1CD1A1F54570064556E /* LaunchScreen.xib in Resources */,
				9DC5B1CA1A1F54570064556E /* Images.xcassets in Resources */,
			);
			runOnlyForDeploymentPostprocessing = 0;
		};
		9DC5B1D01A1F54570064556E /* Resources */ = {
			isa = PBXResourcesBuildPhase;
			buildActionMask = 2147483647;
			files = (
			);
			runOnlyForDeploymentPostprocessing = 0;
		};
/* End PBXResourcesBuildPhase section */

/* Begin PBXSourcesBuildPhase section */
		9DC5B1B91A1F54570064556E /* Sources */ = {
			isa = PBXSourcesBuildPhase;
			buildActionMask = 2147483647;
			files = (
				9D6337671A1F561B003BB307 /* NameBuilder.swift in Sources */,
				9DC5B1C51A1F54570064556E /* ViewController.swift in Sources */,
				9DC5B1E31A1F58300064556E /* Boy.swift in Sources */,
				9DC5B1C31A1F54570064556E /* AppDelegate.swift in Sources */,
				9DC5B1E51A1F5B190064556E /* FluentUrlConnection.swift in Sources */,
			);
			runOnlyForDeploymentPostprocessing = 0;
		};
		9DC5B1CE1A1F54570064556E /* Sources */ = {
			isa = PBXSourcesBuildPhase;
			buildActionMask = 2147483647;
			files = (
				9DC5B1D91A1F54570064556E /* swift_weeklyTests.swift in Sources */,
			);
			runOnlyForDeploymentPostprocessing = 0;
		};
/* End PBXSourcesBuildPhase section */

/* Begin PBXTargetDependency section */
		9DC5B1D41A1F54570064556E /* PBXTargetDependency */ = {
			isa = PBXTargetDependency;
			target = 9DC5B1BC1A1F54570064556E /* swift-weekly */;
			targetProxy = 9DC5B1D31A1F54570064556E /* PBXContainerItemProxy */;
		};
/* End PBXTargetDependency section */

/* Begin PBXVariantGroup section */
		9DC5B1C61A1F54570064556E /* Main.storyboard */ = {
			isa = PBXVariantGroup;
			children = (
				9DC5B1C71A1F54570064556E /* Base */,
			);
			name = Main.storyboard;
			sourceTree = "<group>";
		};
		9DC5B1CB1A1F54570064556E /* LaunchScreen.xib */ = {
			isa = PBXVariantGroup;
			children = (
				9DC5B1CC1A1F54570064556E /* Base */,
			);
			name = LaunchScreen.xib;
			sourceTree = "<group>";
		};
/* End PBXVariantGroup section */

/* Begin XCBuildConfiguration section */
		9DC5B1DA1A1F54570064556E /* Debug */ = {
			isa = XCBuildConfiguration;
			buildSettings = {
				ALWAYS_SEARCH_USER_PATHS = NO;
				CLANG_CXX_LANGUAGE_STANDARD = "gnu++0x";
				CLANG_CXX_LIBRARY = "libc++";
				CLANG_ENABLE_MODULES = YES;
				CLANG_ENABLE_OBJC_ARC = YES;
				CLANG_WARN_BOOL_CONVERSION = YES;
				CLANG_WARN_CONSTANT_CONVERSION = YES;
				CLANG_WARN_DIRECT_OBJC_ISA_USAGE = YES_ERROR;
				CLANG_WARN_EMPTY_BODY = YES;
				CLANG_WARN_ENUM_CONVERSION = YES;
				CLANG_WARN_INT_CONVERSION = YES;
				CLANG_WARN_OBJC_ROOT_CLASS = YES_ERROR;
				CLANG_WARN_UNREACHABLE_CODE = YES;
				CLANG_WARN__DUPLICATE_METHOD_MATCH = YES;
				"CODE_SIGN_IDENTITY[sdk=iphoneos*]" = "iPhone Developer";
				COPY_PHASE_STRIP = NO;
				ENABLE_STRICT_OBJC_MSGSEND = YES;
				GCC_C_LANGUAGE_STANDARD = gnu99;
				GCC_DYNAMIC_NO_PIC = NO;
				GCC_OPTIMIZATION_LEVEL = 0;
				GCC_PREPROCESSOR_DEFINITIONS = (
					"DEBUG=1",
					"$(inherited)",
				);
				GCC_SYMBOLS_PRIVATE_EXTERN = NO;
				GCC_WARN_64_TO_32_BIT_CONVERSION = YES;
				GCC_WARN_ABOUT_RETURN_TYPE = YES_ERROR;
				GCC_WARN_UNDECLARED_SELECTOR = YES;
				GCC_WARN_UNINITIALIZED_AUTOS = YES_AGGRESSIVE;
				GCC_WARN_UNUSED_FUNCTION = YES;
				GCC_WARN_UNUSED_VARIABLE = YES;
				IPHONEOS_DEPLOYMENT_TARGET = 8.2;
				MTL_ENABLE_DEBUG_INFO = YES;
				ONLY_ACTIVE_ARCH = YES;
				SDKROOT = iphoneos;
				SWIFT_OPTIMIZATION_LEVEL = "-Onone";
				TARGETED_DEVICE_FAMILY = "1,2";
			};
			name = Debug;
		};
		9DC5B1DB1A1F54570064556E /* Release */ = {
			isa = XCBuildConfiguration;
			buildSettings = {
				ALWAYS_SEARCH_USER_PATHS = NO;
				CLANG_CXX_LANGUAGE_STANDARD = "gnu++0x";
				CLANG_CXX_LIBRARY = "libc++";
				CLANG_ENABLE_MODULES = YES;
				CLANG_ENABLE_OBJC_ARC = YES;
				CLANG_WARN_BOOL_CONVERSION = YES;
				CLANG_WARN_CONSTANT_CONVERSION = YES;
				CLANG_WARN_DIRECT_OBJC_ISA_USAGE = YES_ERROR;
				CLANG_WARN_EMPTY_BODY = YES;
				CLANG_WARN_ENUM_CONVERSION = YES;
				CLANG_WARN_INT_CONVERSION = YES;
				CLANG_WARN_OBJC_ROOT_CLASS = YES_ERROR;
				CLANG_WARN_UNREACHABLE_CODE = YES;
				CLANG_WARN__DUPLICATE_METHOD_MATCH = YES;
				"CODE_SIGN_IDENTITY[sdk=iphoneos*]" = "iPhone Developer";
				COPY_PHASE_STRIP = YES;
				ENABLE_NS_ASSERTIONS = NO;
				ENABLE_STRICT_OBJC_MSGSEND = YES;
				GCC_C_LANGUAGE_STANDARD = gnu99;
				GCC_WARN_64_TO_32_BIT_CONVERSION = YES;
				GCC_WARN_ABOUT_RETURN_TYPE = YES_ERROR;
				GCC_WARN_UNDECLARED_SELECTOR = YES;
				GCC_WARN_UNINITIALIZED_AUTOS = YES_AGGRESSIVE;
				GCC_WARN_UNUSED_FUNCTION = YES;
				GCC_WARN_UNUSED_VARIABLE = YES;
				IPHONEOS_DEPLOYMENT_TARGET = 8.2;
				MTL_ENABLE_DEBUG_INFO = NO;
				SDKROOT = iphoneos;
				TARGETED_DEVICE_FAMILY = "1,2";
				VALIDATE_PRODUCT = YES;
			};
			name = Release;
		};
		9DC5B1DD1A1F54570064556E /* Debug */ = {
			isa = XCBuildConfiguration;
			buildSettings = {
				ASSETCATALOG_COMPILER_APPICON_NAME = AppIcon;
				INFOPLIST_FILE = "swift-weekly/Info.plist";
				LD_RUNPATH_SEARCH_PATHS = "$(inherited) @executable_path/Frameworks";
				PRODUCT_NAME = "$(TARGET_NAME)";
			};
			name = Debug;
		};
		9DC5B1DE1A1F54570064556E /* Release */ = {
			isa = XCBuildConfiguration;
			buildSettings = {
				ASSETCATALOG_COMPILER_APPICON_NAME = AppIcon;
				INFOPLIST_FILE = "swift-weekly/Info.plist";
				LD_RUNPATH_SEARCH_PATHS = "$(inherited) @executable_path/Frameworks";
				PRODUCT_NAME = "$(TARGET_NAME)";
			};
			name = Release;
		};
		9DC5B1E01A1F54570064556E /* Debug */ = {
			isa = XCBuildConfiguration;
			buildSettings = {
				BUNDLE_LOADER = "$(TEST_HOST)";
				FRAMEWORK_SEARCH_PATHS = (
					"$(SDKROOT)/Developer/Library/Frameworks",
					"$(inherited)",
				);
				GCC_PREPROCESSOR_DEFINITIONS = (
					"DEBUG=1",
					"$(inherited)",
				);
				INFOPLIST_FILE = "swift-weeklyTests/Info.plist";
				LD_RUNPATH_SEARCH_PATHS = "$(inherited) @executable_path/Frameworks @loader_path/Frameworks";
				PRODUCT_NAME = "$(TARGET_NAME)";
				TEST_HOST = "$(BUILT_PRODUCTS_DIR)/swift-weekly.app/swift-weekly";
			};
			name = Debug;
		};
		9DC5B1E11A1F54570064556E /* Release */ = {
			isa = XCBuildConfiguration;
			buildSettings = {
				BUNDLE_LOADER = "$(TEST_HOST)";
				FRAMEWORK_SEARCH_PATHS = (
					"$(SDKROOT)/Developer/Library/Frameworks",
					"$(inherited)",
				);
				INFOPLIST_FILE = "swift-weeklyTests/Info.plist";
				LD_RUNPATH_SEARCH_PATHS = "$(inherited) @executable_path/Frameworks @loader_path/Frameworks";
				PRODUCT_NAME = "$(TARGET_NAME)";
				TEST_HOST = "$(BUILT_PRODUCTS_DIR)/swift-weekly.app/swift-weekly";
			};
			name = Release;
		};
/* End XCBuildConfiguration section */

/* Begin XCConfigurationList section */
		9DC5B1B81A1F54570064556E /* Build configuration list for PBXProject "swift-weekly" */ = {
			isa = XCConfigurationList;
			buildConfigurations = (
				9DC5B1DA1A1F54570064556E /* Debug */,
				9DC5B1DB1A1F54570064556E /* Release */,
			);
			defaultConfigurationIsVisible = 0;
			defaultConfigurationName = Release;
		};
		9DC5B1DC1A1F54570064556E /* Build configuration list for PBXNativeTarget "swift-weekly" */ = {
			isa = XCConfigurationList;
			buildConfigurations = (
				9DC5B1DD1A1F54570064556E /* Debug */,
				9DC5B1DE1A1F54570064556E /* Release */,
			);
			defaultConfigurationIsVisible = 0;
			defaultConfigurationName = Release;
		};
		9DC5B1DF1A1F54570064556E /* Build configuration list for PBXNativeTarget "swift-weeklyTests" */ = {
			isa = XCConfigurationList;
			buildConfigurations = (
				9DC5B1E01A1F54570064556E /* Debug */,
				9DC5B1E11A1F54570064556E /* Release */,
			);
			defaultConfigurationIsVisible = 0;
			defaultConfigurationName = Release;
		};
/* End XCConfigurationList section */
	};
	rootObject = 9DC5B1B51A1F54570064556E /* Project object */;
}
