// !$*UTF8*$!
{
	archiveVersion = 1;
	classes = {
	};
	objectVersion = 46;
	objects = {

/* Begin PBXBuildFile section */
		9D2D7FF81A17363400FF54CB /* Example.swift in Sources */ = {isa = PBXBuildFile; fileRef = 9D2D7FF71A17363400FF54CB /* Example.swift */; };
		9D4F02FD1A173422003B2DAD /* AppDelegate.swift in Sources */ = {isa = PBXBuildFile; fileRef = 9D4F02FC1A173422003B2DAD /* AppDelegate.swift */; };
		9D4F02FF1A173422003B2DAD /* ViewController.swift in Sources */ = {isa = PBXBuildFile; fileRef = 9D4F02FE1A173422003B2DAD /* ViewController.swift */; };
		9D4F03021A173422003B2DAD /* Main.storyboard in Resources */ = {isa = PBXBuildFile; fileRef = 9D4F03001A173422003B2DAD /* Main.storyboard */; };
		9D4F03041A173422003B2DAD /* Images.xcassets in Resources */ = {isa = PBXBuildFile; fileRef = 9D4F03031A173422003B2DAD /* Images.xcassets */; };
		9D4F03071A173422003B2DAD /* LaunchScreen.xib in Resources */ = {isa = PBXBuildFile; fileRef = 9D4F03051A173422003B2DAD /* LaunchScreen.xib */; };
		9D4F03131A173422003B2DAD /* swift_weeklyTests.swift in Sources */ = {isa = PBXBuildFile; fileRef = 9D4F03121A173422003B2DAD /* swift_weeklyTests.swift */; };
/* End PBXBuildFile section */

/* Begin PBXContainerItemProxy section */
		9D4F030D1A173422003B2DAD /* PBXContainerItemProxy */ = {
			isa = PBXContainerItemProxy;
			containerPortal = 9D4F02EF1A173422003B2DAD /* Project object */;
			proxyType = 1;
			remoteGlobalIDString = 9D4F02F61A173422003B2DAD;
			remoteInfo = "swift-weekly";
		};
/* End PBXContainerItemProxy section */

/* Begin PBXFileReference section */
		9D2D7FF71A17363400FF54CB /* Example.swift */ = {isa = PBXFileReference; fileEncoding = 4; lastKnownFileType = sourcecode.swift; path = Example.swift; sourceTree = "<group>"; };
		9D4F02F71A173422003B2DAD /* swift-weekly.app */ = {isa = PBXFileReference; explicitFileType = wrapper.application; includeInIndex = 0; path = "swift-weekly.app"; sourceTree = BUILT_PRODUCTS_DIR; };
		9D4F02FB1A173422003B2DAD /* Info.plist */ = {isa = PBXFileReference; lastKnownFileType = text.plist.xml; path = Info.plist; sourceTree = "<group>"; };
		9D4F02FC1A173422003B2DAD /* AppDelegate.swift */ = {isa = PBXFileReference; lastKnownFileType = sourcecode.swift; path = AppDelegate.swift; sourceTree = "<group>"; };
		9D4F02FE1A173422003B2DAD /* ViewController.swift */ = {isa = PBXFileReference; lastKnownFileType = sourcecode.swift; path = ViewController.swift; sourceTree = "<group>"; };
		9D4F03011A173422003B2DAD /* Base */ = {isa = PBXFileReference; lastKnownFileType = file.storyboard; name = Base; path = Base.lproj/Main.storyboard; sourceTree = "<group>"; };
		9D4F03031A173422003B2DAD /* Images.xcassets */ = {isa = PBXFileReference; lastKnownFileType = folder.assetcatalog; path = Images.xcassets; sourceTree = "<group>"; };
		9D4F03061A173422003B2DAD /* Base */ = {isa = PBXFileReference; lastKnownFileType = file.xib; name = Base; path = Base.lproj/LaunchScreen.xib; sourceTree = "<group>"; };
		9D4F030C1A173422003B2DAD /* swift-weeklyTests.xctest */ = {isa = PBXFileReference; explicitFileType = wrapper.cfbundle; includeInIndex = 0; path = "swift-weeklyTests.xctest"; sourceTree = BUILT_PRODUCTS_DIR; };
		9D4F03111A173422003B2DAD /* Info.plist */ = {isa = PBXFileReference; lastKnownFileType = text.plist.xml; path = Info.plist; sourceTree = "<group>"; };
		9D4F03121A173422003B2DAD /* swift_weeklyTests.swift */ = {isa = PBXFileReference; lastKnownFileType = sourcecode.swift; path = swift_weeklyTests.swift; sourceTree = "<group>"; };
/* End PBXFileReference section */

/* Begin PBXFrameworksBuildPhase section */
		9D4F02F41A173422003B2DAD /* Frameworks */ = {
			isa = PBXFrameworksBuildPhase;
			buildActionMask = 2147483647;
			files = (
			);
			runOnlyForDeploymentPostprocessing = 0;
		};
		9D4F03091A173422003B2DAD /* Frameworks */ = {
			isa = PBXFrameworksBuildPhase;
			buildActionMask = 2147483647;
			files = (
			);
			runOnlyForDeploymentPostprocessing = 0;
		};
/* End PBXFrameworksBuildPhase section */

/* Begin PBXGroup section */
		9D4F02EE1A173422003B2DAD = {
			isa = PBXGroup;
			children = (
				9D4F02F91A173422003B2DAD /* swift-weekly */,
				9D4F030F1A173422003B2DAD /* swift-weeklyTests */,
				9D4F02F81A173422003B2DAD /* Products */,
			);
			sourceTree = "<group>";
		};
		9D4F02F81A173422003B2DAD /* Products */ = {
			isa = PBXGroup;
			children = (
				9D4F02F71A173422003B2DAD /* swift-weekly.app */,
				9D4F030C1A173422003B2DAD /* swift-weeklyTests.xctest */,
			);
			name = Products;
			sourceTree = "<group>";
		};
		9D4F02F91A173422003B2DAD /* swift-weekly */ = {
			isa = PBXGroup;
			children = (
				9D4F02FC1A173422003B2DAD /* AppDelegate.swift */,
				9D4F02FE1A173422003B2DAD /* ViewController.swift */,
				9D4F03001A173422003B2DAD /* Main.storyboard */,
				9D4F03031A173422003B2DAD /* Images.xcassets */,
				9D4F03051A173422003B2DAD /* LaunchScreen.xib */,
				9D4F02FA1A173422003B2DAD /* Supporting Files */,
				9D2D7FF71A17363400FF54CB /* Example.swift */,
			);
			path = "swift-weekly";
			sourceTree = "<group>";
		};
		9D4F02FA1A173422003B2DAD /* Supporting Files */ = {
			isa = PBXGroup;
			children = (
				9D4F02FB1A173422003B2DAD /* Info.plist */,
			);
			name = "Supporting Files";
			sourceTree = "<group>";
		};
		9D4F030F1A173422003B2DAD /* swift-weeklyTests */ = {
			isa = PBXGroup;
			children = (
				9D4F03121A173422003B2DAD /* swift_weeklyTests.swift */,
				9D4F03101A173422003B2DAD /* Supporting Files */,
			);
			path = "swift-weeklyTests";
			sourceTree = "<group>";
		};
		9D4F03101A173422003B2DAD /* Supporting Files */ = {
			isa = PBXGroup;
			children = (
				9D4F03111A173422003B2DAD /* Info.plist */,
			);
			name = "Supporting Files";
			sourceTree = "<group>";
		};
/* End PBXGroup section */

/* Begin PBXNativeTarget section */
		9D4F02F61A173422003B2DAD /* swift-weekly */ = {
			isa = PBXNativeTarget;
			buildConfigurationList = 9D4F03161A173422003B2DAD /* Build configuration list for PBXNativeTarget "swift-weekly" */;
			buildPhases = (
				9D4F02F31A173422003B2DAD /* Sources */,
				9D4F02F41A173422003B2DAD /* Frameworks */,
				9D4F02F51A173422003B2DAD /* Resources */,
			);
			buildRules = (
			);
			dependencies = (
			);
			name = "swift-weekly";
			productName = "swift-weekly";
			productReference = 9D4F02F71A173422003B2DAD /* swift-weekly.app */;
			productType = "com.apple.product-type.application";
		};
		9D4F030B1A173422003B2DAD /* swift-weeklyTests */ = {
			isa = PBXNativeTarget;
			buildConfigurationList = 9D4F03191A173422003B2DAD /* Build configuration list for PBXNativeTarget "swift-weeklyTests" */;
			buildPhases = (
				9D4F03081A173422003B2DAD /* Sources */,
				9D4F03091A173422003B2DAD /* Frameworks */,
				9D4F030A1A173422003B2DAD /* Resources */,
			);
			buildRules = (
			);
			dependencies = (
				9D4F030E1A173422003B2DAD /* PBXTargetDependency */,
			);
			name = "swift-weeklyTests";
			productName = "swift-weeklyTests";
			productReference = 9D4F030C1A173422003B2DAD /* swift-weeklyTests.xctest */;
			productType = "com.apple.product-type.bundle.unit-test";
		};
/* End PBXNativeTarget section */

/* Begin PBXProject section */
		9D4F02EF1A173422003B2DAD /* Project object */ = {
			isa = PBXProject;
			attributes = {
				LastUpgradeCheck = 0610;
				ORGANIZATIONNAME = "Pixolity Ltd.";
				TargetAttributes = {
					9D4F02F61A173422003B2DAD = {
						CreatedOnToolsVersion = 6.1;
					};
					9D4F030B1A173422003B2DAD = {
						CreatedOnToolsVersion = 6.1;
						TestTargetID = 9D4F02F61A173422003B2DAD;
					};
				};
			};
			buildConfigurationList = 9D4F02F21A173422003B2DAD /* Build configuration list for PBXProject "swift-weekly" */;
			compatibilityVersion = "Xcode 3.2";
			developmentRegion = English;
			hasScannedForEncodings = 0;
			knownRegions = (
				en,
				Base,
			);
			mainGroup = 9D4F02EE1A173422003B2DAD;
			productRefGroup = 9D4F02F81A173422003B2DAD /* Products */;
			projectDirPath = "";
			projectRoot = "";
			targets = (
				9D4F02F61A173422003B2DAD /* swift-weekly */,
				9D4F030B1A173422003B2DAD /* swift-weeklyTests */,
			);
		};
/* End PBXProject section */

/* Begin PBXResourcesBuildPhase section */
		9D4F02F51A173422003B2DAD /* Resources */ = {
			isa = PBXResourcesBuildPhase;
			buildActionMask = 2147483647;
			files = (
				9D4F03021A173422003B2DAD /* Main.storyboard in Resources */,
				9D4F03071A173422003B2DAD /* LaunchScreen.xib in Resources */,
				9D4F03041A173422003B2DAD /* Images.xcassets in Resources */,
			);
			runOnlyForDeploymentPostprocessing = 0;
		};
		9D4F030A1A173422003B2DAD /* Resources */ = {
			isa = PBXResourcesBuildPhase;
			buildActionMask = 2147483647;
			files = (
			);
			runOnlyForDeploymentPostprocessing = 0;
		};
/* End PBXResourcesBuildPhase section */

/* Begin PBXSourcesBuildPhase section */
		9D4F02F31A173422003B2DAD /* Sources */ = {
			isa = PBXSourcesBuildPhase;
			buildActionMask = 2147483647;
			files = (
				9D4F02FF1A173422003B2DAD /* ViewController.swift in Sources */,
				9D4F02FD1A173422003B2DAD /* AppDelegate.swift in Sources */,
				9D2D7FF81A17363400FF54CB /* Example.swift in Sources */,
			);
			runOnlyForDeploymentPostprocessing = 0;
		};
		9D4F03081A173422003B2DAD /* Sources */ = {
			isa = PBXSourcesBuildPhase;
			buildActionMask = 2147483647;
			files = (
				9D4F03131A173422003B2DAD /* swift_weeklyTests.swift in Sources */,
			);
			runOnlyForDeploymentPostprocessing = 0;
		};
/* End PBXSourcesBuildPhase section */

/* Begin PBXTargetDependency section */
		9D4F030E1A173422003B2DAD /* PBXTargetDependency */ = {
			isa = PBXTargetDependency;
			target = 9D4F02F61A173422003B2DAD /* swift-weekly */;
			targetProxy = 9D4F030D1A173422003B2DAD /* PBXContainerItemProxy */;
		};
/* End PBXTargetDependency section */

/* Begin PBXVariantGroup section */
		9D4F03001A173422003B2DAD /* Main.storyboard */ = {
			isa = PBXVariantGroup;
			children = (
				9D4F03011A173422003B2DAD /* Base */,
			);
			name = Main.storyboard;
			sourceTree = "<group>";
		};
		9D4F03051A173422003B2DAD /* LaunchScreen.xib */ = {
			isa = PBXVariantGroup;
			children = (
				9D4F03061A173422003B2DAD /* Base */,
			);
			name = LaunchScreen.xib;
			sourceTree = "<group>";
		};
/* End PBXVariantGroup section */

/* Begin XCBuildConfiguration section */
		9D4F03141A173422003B2DAD /* Debug */ = {
			isa = XCBuildConfiguration;
			buildSettings = {
				ALWAYS_SEARCH_USER_PATHS = NO;
				CLANG_CXX_LANGUAGE_STANDARD = "gnu++0x";
				CLANG_CXX_LIBRARY = "libc++";
				CLANG_ENABLE_MODULES = YES;
				CLANG_ENABLE_OBJC_ARC = YES;
				CLANG_WARN_BOOL_CONVERSION = YES;
				CLANG_WARN_CONSTANT_CONVERSION = YES;
				CLANG_WARN_DIRECT_OBJC_ISA_USAGE = YES_ERROR;
				CLANG_WARN_EMPTY_BODY = YES;
				CLANG_WARN_ENUM_CONVERSION = YES;
				CLANG_WARN_INT_CONVERSION = YES;
				CLANG_WARN_OBJC_ROOT_CLASS = YES_ERROR;
				CLANG_WARN_UNREACHABLE_CODE = YES;
				CLANG_WARN__DUPLICATE_METHOD_MATCH = YES;
				"CODE_SIGN_IDENTITY[sdk=iphoneos*]" = "iPhone Developer";
				COPY_PHASE_STRIP = NO;
				ENABLE_STRICT_OBJC_MSGSEND = YES;
				GCC_C_LANGUAGE_STANDARD = gnu99;
				GCC_DYNAMIC_NO_PIC = NO;
				GCC_OPTIMIZATION_LEVEL = 0;
				GCC_PREPROCESSOR_DEFINITIONS = (
					"DEBUG=1",
					"$(inherited)",
				);
				GCC_SYMBOLS_PRIVATE_EXTERN = NO;
				GCC_WARN_64_TO_32_BIT_CONVERSION = YES;
				GCC_WARN_ABOUT_RETURN_TYPE = YES_ERROR;
				GCC_WARN_UNDECLARED_SELECTOR = YES;
				GCC_WARN_UNINITIALIZED_AUTOS = YES_AGGRESSIVE;
				GCC_WARN_UNUSED_FUNCTION = YES;
				GCC_WARN_UNUSED_VARIABLE = YES;
				IPHONEOS_DEPLOYMENT_TARGET = 8.1;
				MTL_ENABLE_DEBUG_INFO = YES;
				ONLY_ACTIVE_ARCH = YES;
				SDKROOT = iphoneos;
				SWIFT_OPTIMIZATION_LEVEL = "-Onone";
				TARGETED_DEVICE_FAMILY = "1,2";
			};
			name = Debug;
		};
		9D4F03151A173422003B2DAD /* Release */ = {
			isa = XCBuildConfiguration;
			buildSettings = {
				ALWAYS_SEARCH_USER_PATHS = NO;
				CLANG_CXX_LANGUAGE_STANDARD = "gnu++0x";
				CLANG_CXX_LIBRARY = "libc++";
				CLANG_ENABLE_MODULES = YES;
				CLANG_ENABLE_OBJC_ARC = YES;
				CLANG_WARN_BOOL_CONVERSION = YES;
				CLANG_WARN_CONSTANT_CONVERSION = YES;
				CLANG_WARN_DIRECT_OBJC_ISA_USAGE = YES_ERROR;
				CLANG_WARN_EMPTY_BODY = YES;
				CLANG_WARN_ENUM_CONVERSION = YES;
				CLANG_WARN_INT_CONVERSION = YES;
				CLANG_WARN_OBJC_ROOT_CLASS = YES_ERROR;
				CLANG_WARN_UNREACHABLE_CODE = YES;
				CLANG_WARN__DUPLICATE_METHOD_MATCH = YES;
				"CODE_SIGN_IDENTITY[sdk=iphoneos*]" = "iPhone Developer";
				COPY_PHASE_STRIP = YES;
				ENABLE_NS_ASSERTIONS = NO;
				ENABLE_STRICT_OBJC_MSGSEND = YES;
				GCC_C_LANGUAGE_STANDARD = gnu99;
				GCC_WARN_64_TO_32_BIT_CONVERSION = YES;
				GCC_WARN_ABOUT_RETURN_TYPE = YES_ERROR;
				GCC_WARN_UNDECLARED_SELECTOR = YES;
				GCC_WARN_UNINITIALIZED_AUTOS = YES_AGGRESSIVE;
				GCC_WARN_UNUSED_FUNCTION = YES;
				GCC_WARN_UNUSED_VARIABLE = YES;
				IPHONEOS_DEPLOYMENT_TARGET = 8.1;
				MTL_ENABLE_DEBUG_INFO = NO;
				SDKROOT = iphoneos;
				TARGETED_DEVICE_FAMILY = "1,2";
				VALIDATE_PRODUCT = YES;
			};
			name = Release;
		};
		9D4F03171A173422003B2DAD /* Debug */ = {
			isa = XCBuildConfiguration;
			buildSettings = {
				ASSETCATALOG_COMPILER_APPICON_NAME = AppIcon;
				GCC_OPTIMIZATION_LEVEL = s;
				INFOPLIST_FILE = "swift-weekly/Info.plist";
				LD_RUNPATH_SEARCH_PATHS = "$(inherited) @executable_path/Frameworks";
				PRODUCT_NAME = "$(TARGET_NAME)";
				SWIFT_OPTIMIZATION_LEVEL = "-O";
			};
			name = Debug;
		};
		9D4F03181A173422003B2DAD /* Release */ = {
			isa = XCBuildConfiguration;
			buildSettings = {
				ASSETCATALOG_COMPILER_APPICON_NAME = AppIcon;
				GCC_SYMBOLS_PRIVATE_EXTERN = NO;
				INFOPLIST_FILE = "swift-weekly/Info.plist";
				LD_RUNPATH_SEARCH_PATHS = "$(inherited) @executable_path/Frameworks";
				PRODUCT_NAME = "$(TARGET_NAME)";
			};
			name = Release;
		};
		9D4F031A1A173422003B2DAD /* Debug */ = {
			isa = XCBuildConfiguration;
			buildSettings = {
				BUNDLE_LOADER = "$(TEST_HOST)";
				FRAMEWORK_SEARCH_PATHS = (
					"$(SDKROOT)/Developer/Library/Frameworks",
					"$(inherited)",
				);
				GCC_PREPROCESSOR_DEFINITIONS = (
					"DEBUG=1",
					"$(inherited)",
				);
				INFOPLIST_FILE = "swift-weeklyTests/Info.plist";
				LD_RUNPATH_SEARCH_PATHS = "$(inherited) @executable_path/Frameworks @loader_path/Frameworks";
				PRODUCT_NAME = "$(TARGET_NAME)";
				TEST_HOST = "$(BUILT_PRODUCTS_DIR)/swift-weekly.app/swift-weekly";
			};
			name = Debug;
		};
		9D4F031B1A173422003B2DAD /* Release */ = {
			isa = XCBuildConfiguration;
			buildSettings = {
				BUNDLE_LOADER = "$(TEST_HOST)";
				FRAMEWORK_SEARCH_PATHS = (
					"$(SDKROOT)/Developer/Library/Frameworks",
					"$(inherited)",
				);
				INFOPLIST_FILE = "swift-weeklyTests/Info.plist";
				LD_RUNPATH_SEARCH_PATHS = "$(inherited) @executable_path/Frameworks @loader_path/Frameworks";
				PRODUCT_NAME = "$(TARGET_NAME)";
				TEST_HOST = "$(BUILT_PRODUCTS_DIR)/swift-weekly.app/swift-weekly";
			};
			name = Release;
		};
/* End XCBuildConfiguration section */

/* Begin XCConfigurationList section */
		9D4F02F21A173422003B2DAD /* Build configuration list for PBXProject "swift-weekly" */ = {
			isa = XCConfigurationList;
			buildConfigurations = (
				9D4F03141A173422003B2DAD /* Debug */,
				9D4F03151A173422003B2DAD /* Release */,
			);
			defaultConfigurationIsVisible = 0;
			defaultConfigurationName = Release;
		};
		9D4F03161A173422003B2DAD /* Build configuration list for PBXNativeTarget "swift-weekly" */ = {
			isa = XCConfigurationList;
			buildConfigurations = (
				9D4F03171A173422003B2DAD /* Debug */,
				9D4F03181A173422003B2DAD /* Release */,
			);
			defaultConfigurationIsVisible = 0;
			defaultConfigurationName = Release;
		};
		9D4F03191A173422003B2DAD /* Build configuration list for PBXNativeTarget "swift-weeklyTests" */ = {
			isa = XCConfigurationList;
			buildConfigurations = (
				9D4F031A1A173422003B2DAD /* Debug */,
				9D4F031B1A173422003B2DAD /* Release */,
			);
			defaultConfigurationIsVisible = 0;
			defaultConfigurationName = Release;
		};
/* End XCConfigurationList section */
	};
	rootObject = 9D4F02EF1A173422003B2DAD /* Project object */;
}
