// !$*UTF8*$!
{
	archiveVersion = 1;
	classes = {
	};
	objectVersion = 46;
	objects = {

/* Begin PBXFileReference section */
		9DF73A871A05366B00F1660B /* example01.playground */ = {isa = PBXFileReference; lastKnownFileType = file.playground; path = example01.playground; sourceTree = "<group>"; };
/* End PBXFileReference section */

/* Begin PBXGroup section */
		9DF73A801A05363A00F1660B = {
			isa = PBXGroup;
			children = (
				9DF73A871A05366B00F1660B /* example01.playground */,
			);
			sourceTree = "<group>";
		};
/* End PBXGroup section */

/* Begin PBXProject section */
		9DF73A811A05363A00F1660B /* Project object */ = {
			isa = PBXProject;
			attributes = {
				LastUpgradeCheck = 0600;
			};
			buildConfigurationList = 9DF73A841A05363A00F1660B /* Build configuration list for PBXProject "SwiftWeeklyIssue02ExampleCodes" */;
			compatibilityVersion = "Xcode 3.2";
			developmentRegion = English;
			hasScannedForEncodings = 0;
			knownRegions = (
				en,
			);
			mainGroup = 9DF73A801A05363A00F1660B;
			projectDirPath = "";
			projectRoot = "";
			targets = (
			);
		};
/* End PBXProject section */

/* Begin XCBuildConfiguration section */
		9DF73A851A05363A00F1660B /* Debug */ = {
			isa = XCBuildConfiguration;
			buildSettings = {
			};
			name = Debug;
		};
		9DF73A861A05363A00F1660B /* Release */ = {
			isa = XCBuildConfiguration;
			buildSettings = {
			};
			name = Release;
		};
/* End XCBuildConfiguration section */

/* Begin XCConfigurationList section */
		9DF73A841A05363A00F1660B /* Build configuration list for PBXProject "SwiftWeeklyIssue02ExampleCodes" */ = {
			isa = XCConfigurationList;
			buildConfigurations = (
				9DF73A851A05363A00F1660B /* Debug */,
				9DF73A861A05363A00F1660B /* Release */,
			);
			defaultConfigurationIsVisible = 0;
			defaultConfigurationName = Release;
		};
/* End XCConfigurationList section */
	};
	rootObject = 9DF73A811A05363A00F1660B /* Project object */;
}
