// !$*UTF8*$!
{
	archiveVersion = 1;
	classes = {
	};
	objectVersion = 46;
	objects = {

/* Begin PBXBuildFile section */
		9DF73A971A053B0A00F1660B /* AppDelegate.swift in Sources */ = {isa = PBXBuildFile; fileRef = 9DF73A961A053B0A00F1660B /* AppDelegate.swift */; };
		9DF73A991A053B0A00F1660B /* ViewController.swift in Sources */ = {isa = PBXBuildFile; fileRef = 9DF73A981A053B0A00F1660B /* ViewController.swift */; };
		9DF73A9C1A053B0A00F1660B /* Main.storyboard in Resources */ = {isa = PBXBuildFile; fileRef = 9DF73A9A1A053B0A00F1660B /* Main.storyboard */; };
		9DF73A9E1A053B0A00F1660B /* Images.xcassets in Resources */ = {isa = PBXBuildFile; fileRef = 9DF73A9D1A053B0A00F1660B /* Images.xcassets */; };
		9DF73AA11A053B0A00F1660B /* LaunchScreen.xib in Resources */ = {isa = PBXBuildFile; fileRef = 9DF73A9F1A053B0A00F1660B /* LaunchScreen.xib */; };
		9DF73AAD1A053B0A00F1660B /* swift_weekly_issue02Tests.swift in Sources */ = {isa = PBXBuildFile; fileRef = 9DF73AAC1A053B0A00F1660B /* swift_weekly_issue02Tests.swift */; };
/* End PBXBuildFile section */

/* Begin PBXContainerItemProxy section */
		9DF73AA71A053B0A00F1660B /* PBXContainerItemProxy */ = {
			isa = PBXContainerItemProxy;
			containerPortal = 9DF73A891A053B0A00F1660B /* Project object */;
			proxyType = 1;
			remoteGlobalIDString = 9DF73A901A053B0A00F1660B;
			remoteInfo = "swift-weekly-issue02";
		};
/* End PBXContainerItemProxy section */

/* Begin PBXFileReference section */
		9DF73A911A053B0A00F1660B /* swift-weekly-issue02.app */ = {isa = PBXFileReference; explicitFileType = wrapper.application; includeInIndex = 0; path = "swift-weekly-issue02.app"; sourceTree = BUILT_PRODUCTS_DIR; };
		9DF73A951A053B0A00F1660B /* Info.plist */ = {isa = PBXFileReference; lastKnownFileType = text.plist.xml; path = Info.plist; sourceTree = "<group>"; };
		9DF73A961A053B0A00F1660B /* AppDelegate.swift */ = {isa = PBXFileReference; lastKnownFileType = sourcecode.swift; path = AppDelegate.swift; sourceTree = "<group>"; };
		9DF73A981A053B0A00F1660B /* ViewController.swift */ = {isa = PBXFileReference; lastKnownFileType = sourcecode.swift; path = ViewController.swift; sourceTree = "<group>"; };
		9DF73A9B1A053B0A00F1660B /* Base */ = {isa = PBXFileReference; lastKnownFileType = file.storyboard; name = Base; path = Base.lproj/Main.storyboard; sourceTree = "<group>"; };
		9DF73A9D1A053B0A00F1660B /* Images.xcassets */ = {isa = PBXFileReference; lastKnownFileType = folder.assetcatalog; path = Images.xcassets; sourceTree = "<group>"; };
		9DF73AA01A053B0A00F1660B /* Base */ = {isa = PBXFileReference; lastKnownFileType = file.xib; name = Base; path = Base.lproj/LaunchScreen.xib; sourceTree = "<group>"; };
		9DF73AA61A053B0A00F1660B /* swift-weekly-issue02Tests.xctest */ = {isa = PBXFileReference; explicitFileType = wrapper.cfbundle; includeInIndex = 0; path = "swift-weekly-issue02Tests.xctest"; sourceTree = BUILT_PRODUCTS_DIR; };
		9DF73AAB1A053B0A00F1660B /* Info.plist */ = {isa = PBXFileReference; lastKnownFileType = text.plist.xml; path = Info.plist; sourceTree = "<group>"; };
		9DF73AAC1A053B0A00F1660B /* swift_weekly_issue02Tests.swift */ = {isa = PBXFileReference; lastKnownFileType = sourcecode.swift; path = swift_weekly_issue02Tests.swift; sourceTree = "<group>"; };
/* End PBXFileReference section */

/* Begin PBXFrameworksBuildPhase section */
		9DF73A8E1A053B0A00F1660B /* Frameworks */ = {
			isa = PBXFrameworksBuildPhase;
			buildActionMask = 2147483647;
			files = (
			);
			runOnlyForDeploymentPostprocessing = 0;
		};
		9DF73AA31A053B0A00F1660B /* Frameworks */ = {
			isa = PBXFrameworksBuildPhase;
			buildActionMask = 2147483647;
			files = (
			);
			runOnlyForDeploymentPostprocessing = 0;
		};
/* End PBXFrameworksBuildPhase section */

/* Begin PBXGroup section */
		9DF73A881A053B0A00F1660B = {
			isa = PBXGroup;
			children = (
				9DF73A931A053B0A00F1660B /* swift-weekly-issue02 */,
				9DF73AA91A053B0A00F1660B /* swift-weekly-issue02Tests */,
				9DF73A921A053B0A00F1660B /* Products */,
			);
			sourceTree = "<group>";
		};
		9DF73A921A053B0A00F1660B /* Products */ = {
			isa = PBXGroup;
			children = (
				9DF73A911A053B0A00F1660B /* swift-weekly-issue02.app */,
				9DF73AA61A053B0A00F1660B /* swift-weekly-issue02Tests.xctest */,
			);
			name = Products;
			sourceTree = "<group>";
		};
		9DF73A931A053B0A00F1660B /* swift-weekly-issue02 */ = {
			isa = PBXGroup;
			children = (
				9DF73A961A053B0A00F1660B /* AppDelegate.swift */,
				9DF73A981A053B0A00F1660B /* ViewController.swift */,
				9DF73A9A1A053B0A00F1660B /* Main.storyboard */,
				9DF73A9D1A053B0A00F1660B /* Images.xcassets */,
				9DF73A9F1A053B0A00F1660B /* LaunchScreen.xib */,
				9DF73A941A053B0A00F1660B /* Supporting Files */,
			);
			path = "swift-weekly-issue02";
			sourceTree = "<group>";
		};
		9DF73A941A053B0A00F1660B /* Supporting Files */ = {
			isa = PBXGroup;
			children = (
				9DF73A951A053B0A00F1660B /* Info.plist */,
			);
			name = "Supporting Files";
			sourceTree = "<group>";
		};
		9DF73AA91A053B0A00F1660B /* swift-weekly-issue02Tests */ = {
			isa = PBXGroup;
			children = (
				9DF73AAC1A053B0A00F1660B /* swift_weekly_issue02Tests.swift */,
				9DF73AAA1A053B0A00F1660B /* Supporting Files */,
			);
			path = "swift-weekly-issue02Tests";
			sourceTree = "<group>";
		};
		9DF73AAA1A053B0A00F1660B /* Supporting Files */ = {
			isa = PBXGroup;
			children = (
				9DF73AAB1A053B0A00F1660B /* Info.plist */,
			);
			name = "Supporting Files";
			sourceTree = "<group>";
		};
/* End PBXGroup section */

/* Begin PBXNativeTarget section */
		9DF73A901A053B0A00F1660B /* swift-weekly-issue02 */ = {
			isa = PBXNativeTarget;
			buildConfigurationList = 9DF73AB01A053B0A00F1660B /* Build configuration list for PBXNativeTarget "swift-weekly-issue02" */;
			buildPhases = (
				9DF73A8D1A053B0A00F1660B /* Sources */,
				9DF73A8E1A053B0A00F1660B /* Frameworks */,
				9DF73A8F1A053B0A00F1660B /* Resources */,
			);
			buildRules = (
			);
			dependencies = (
			);
			name = "swift-weekly-issue02";
			productName = "swift-weekly-issue02";
			productReference = 9DF73A911A053B0A00F1660B /* swift-weekly-issue02.app */;
			productType = "com.apple.product-type.application";
		};
		9DF73AA51A053B0A00F1660B /* swift-weekly-issue02Tests */ = {
			isa = PBXNativeTarget;
			buildConfigurationList = 9DF73AB31A053B0A00F1660B /* Build configuration list for PBXNativeTarget "swift-weekly-issue02Tests" */;
			buildPhases = (
				9DF73AA21A053B0A00F1660B /* Sources */,
				9DF73AA31A053B0A00F1660B /* Frameworks */,
				9DF73AA41A053B0A00F1660B /* Resources */,
			);
			buildRules = (
			);
			dependencies = (
				9DF73AA81A053B0A00F1660B /* PBXTargetDependency */,
			);
			name = "swift-weekly-issue02Tests";
			productName = "swift-weekly-issue02Tests";
			productReference = 9DF73AA61A053B0A00F1660B /* swift-weekly-issue02Tests.xctest */;
			productType = "com.apple.product-type.bundle.unit-test";
		};
/* End PBXNativeTarget section */

/* Begin PBXProject section */
		9DF73A891A053B0A00F1660B /* Project object */ = {
			isa = PBXProject;
			attributes = {
				LastUpgradeCheck = 0600;
				ORGANIZATIONNAME = "Pixolity Ltd.";
				TargetAttributes = {
					9DF73A901A053B0A00F1660B = {
						CreatedOnToolsVersion = 6.0;
					};
					9DF73AA51A053B0A00F1660B = {
						CreatedOnToolsVersion = 6.0;
						TestTargetID = 9DF73A901A053B0A00F1660B;
					};
				};
			};
			buildConfigurationList = 9DF73A8C1A053B0A00F1660B /* Build configuration list for PBXProject "swift-weekly-issue02" */;
			compatibilityVersion = "Xcode 3.2";
			developmentRegion = English;
			hasScannedForEncodings = 0;
			knownRegions = (
				en,
				Base,
			);
			mainGroup = 9DF73A881A053B0A00F1660B;
			productRefGroup = 9DF73A921A053B0A00F1660B /* Products */;
			projectDirPath = "";
			projectRoot = "";
			targets = (
				9DF73A901A053B0A00F1660B /* swift-weekly-issue02 */,
				9DF73AA51A053B0A00F1660B /* swift-weekly-issue02Tests */,
			);
		};
/* End PBXProject section */

/* Begin PBXResourcesBuildPhase section */
		9DF73A8F1A053B0A00F1660B /* Resources */ = {
			isa = PBXResourcesBuildPhase;
			buildActionMask = 2147483647;
			files = (
				9DF73A9C1A053B0A00F1660B /* Main.storyboard in Resources */,
				9DF73AA11A053B0A00F1660B /* LaunchScreen.xib in Resources */,
				9DF73A9E1A053B0A00F1660B /* Images.xcassets in Resources */,
			);
			runOnlyForDeploymentPostprocessing = 0;
		};
		9DF73AA41A053B0A00F1660B /* Resources */ = {
			isa = PBXResourcesBuildPhase;
			buildActionMask = 2147483647;
			files = (
			);
			runOnlyForDeploymentPostprocessing = 0;
		};
/* End PBXResourcesBuildPhase section */

/* Begin PBXSourcesBuildPhase section */
		9DF73A8D1A053B0A00F1660B /* Sources */ = {
			isa = PBXSourcesBuildPhase;
			buildActionMask = 2147483647;
			files = (
				9DF73A991A053B0A00F1660B /* ViewController.swift in Sources */,
				9DF73A971A053B0A00F1660B /* AppDelegate.swift in Sources */,
			);
			runOnlyForDeploymentPostprocessing = 0;
		};
		9DF73AA21A053B0A00F1660B /* Sources */ = {
			isa = PBXSourcesBuildPhase;
			buildActionMask = 2147483647;
			files = (
				9DF73AAD1A053B0A00F1660B /* swift_weekly_issue02Tests.swift in Sources */,
			);
			runOnlyForDeploymentPostprocessing = 0;
		};
/* End PBXSourcesBuildPhase section */

/* Begin PBXTargetDependency section */
		9DF73AA81A053B0A00F1660B /* PBXTargetDependency */ = {
			isa = PBXTargetDependency;
			target = 9DF73A901A053B0A00F1660B /* swift-weekly-issue02 */;
			targetProxy = 9DF73AA71A053B0A00F1660B /* PBXContainerItemProxy */;
		};
/* End PBXTargetDependency section */

/* Begin PBXVariantGroup section */
		9DF73A9A1A053B0A00F1660B /* Main.storyboard */ = {
			isa = PBXVariantGroup;
			children = (
				9DF73A9B1A053B0A00F1660B /* Base */,
			);
			name = Main.storyboard;
			sourceTree = "<group>";
		};
		9DF73A9F1A053B0A00F1660B /* LaunchScreen.xib */ = {
			isa = PBXVariantGroup;
			children = (
				9DF73AA01A053B0A00F1660B /* Base */,
			);
			name = LaunchScreen.xib;
			sourceTree = "<group>";
		};
/* End PBXVariantGroup section */

/* Begin XCBuildConfiguration section */
		9DF73AAE1A053B0A00F1660B /* Debug */ = {
			isa = XCBuildConfiguration;
			buildSettings = {
				ALWAYS_SEARCH_USER_PATHS = NO;
				CLANG_CXX_LANGUAGE_STANDARD = "gnu++0x";
				CLANG_CXX_LIBRARY = "libc++";
				CLANG_ENABLE_MODULES = YES;
				CLANG_ENABLE_OBJC_ARC = YES;
				CLANG_WARN_BOOL_CONVERSION = YES;
				CLANG_WARN_CONSTANT_CONVERSION = YES;
				CLANG_WARN_DIRECT_OBJC_ISA_USAGE = YES_ERROR;
				CLANG_WARN_EMPTY_BODY = YES;
				CLANG_WARN_ENUM_CONVERSION = YES;
				CLANG_WARN_INT_CONVERSION = YES;
				CLANG_WARN_OBJC_ROOT_CLASS = YES_ERROR;
				CLANG_WARN_UNREACHABLE_CODE = YES;
				CLANG_WARN__DUPLICATE_METHOD_MATCH = YES;
				"CODE_SIGN_IDENTITY[sdk=iphoneos*]" = "iPhone Developer";
				COPY_PHASE_STRIP = NO;
				ENABLE_STRICT_OBJC_MSGSEND = YES;
				GCC_C_LANGUAGE_STANDARD = gnu99;
				GCC_DYNAMIC_NO_PIC = NO;
				GCC_OPTIMIZATION_LEVEL = 0;
				GCC_PREPROCESSOR_DEFINITIONS = (
					"DEBUG=1",
					"$(inherited)",
				);
				GCC_SYMBOLS_PRIVATE_EXTERN = NO;
				GCC_WARN_64_TO_32_BIT_CONVERSION = YES;
				GCC_WARN_ABOUT_RETURN_TYPE = YES_ERROR;
				GCC_WARN_UNDECLARED_SELECTOR = YES;
				GCC_WARN_UNINITIALIZED_AUTOS = YES_AGGRESSIVE;
				GCC_WARN_UNUSED_FUNCTION = YES;
				GCC_WARN_UNUSED_VARIABLE = YES;
				IPHONEOS_DEPLOYMENT_TARGET = 8.0;
				MTL_ENABLE_DEBUG_INFO = YES;
				ONLY_ACTIVE_ARCH = YES;
				SDKROOT = iphoneos;
				SWIFT_OPTIMIZATION_LEVEL = "-Onone";
				TARGETED_DEVICE_FAMILY = "1,2";
			};
			name = Debug;
		};
		9DF73AAF1A053B0A00F1660B /* Release */ = {
			isa = XCBuildConfiguration;
			buildSettings = {
				ALWAYS_SEARCH_USER_PATHS = NO;
				CLANG_CXX_LANGUAGE_STANDARD = "gnu++0x";
				CLANG_CXX_LIBRARY = "libc++";
				CLANG_ENABLE_MODULES = YES;
				CLANG_ENABLE_OBJC_ARC = YES;
				CLANG_WARN_BOOL_CONVERSION = YES;
				CLANG_WARN_CONSTANT_CONVERSION = YES;
				CLANG_WARN_DIRECT_OBJC_ISA_USAGE = YES_ERROR;
				CLANG_WARN_EMPTY_BODY = YES;
				CLANG_WARN_ENUM_CONVERSION = YES;
				CLANG_WARN_INT_CONVERSION = YES;
				CLANG_WARN_OBJC_ROOT_CLASS = YES_ERROR;
				CLANG_WARN_UNREACHABLE_CODE = YES;
				CLANG_WARN__DUPLICATE_METHOD_MATCH = YES;
				"CODE_SIGN_IDENTITY[sdk=iphoneos*]" = "iPhone Developer";
				COPY_PHASE_STRIP = YES;
				ENABLE_NS_ASSERTIONS = NO;
				ENABLE_STRICT_OBJC_MSGSEND = YES;
				GCC_C_LANGUAGE_STANDARD = gnu99;
				GCC_WARN_64_TO_32_BIT_CONVERSION = YES;
				GCC_WARN_ABOUT_RETURN_TYPE = YES_ERROR;
				GCC_WARN_UNDECLARED_SELECTOR = YES;
				GCC_WARN_UNINITIALIZED_AUTOS = YES_AGGRESSIVE;
				GCC_WARN_UNUSED_FUNCTION = YES;
				GCC_WARN_UNUSED_VARIABLE = YES;
				IPHONEOS_DEPLOYMENT_TARGET = 8.0;
				MTL_ENABLE_DEBUG_INFO = NO;
				SDKROOT = iphoneos;
				TARGETED_DEVICE_FAMILY = "1,2";
				VALIDATE_PRODUCT = YES;
			};
			name = Release;
		};
		9DF73AB11A053B0A00F1660B /* Debug */ = {
			isa = XCBuildConfiguration;
			buildSettings = {
				ASSETCATALOG_COMPILER_APPICON_NAME = AppIcon;
				INFOPLIST_FILE = "swift-weekly-issue02/Info.plist";
				LD_RUNPATH_SEARCH_PATHS = "$(inherited) @executable_path/Frameworks";
				PRODUCT_NAME = "$(TARGET_NAME)";
			};
			name = Debug;
		};
		9DF73AB21A053B0A00F1660B /* Release */ = {
			isa = XCBuildConfiguration;
			buildSettings = {
				ASSETCATALOG_COMPILER_APPICON_NAME = AppIcon;
				INFOPLIST_FILE = "swift-weekly-issue02/Info.plist";
				LD_RUNPATH_SEARCH_PATHS = "$(inherited) @executable_path/Frameworks";
				PRODUCT_NAME = "$(TARGET_NAME)";
			};
			name = Release;
		};
		9DF73AB41A053B0A00F1660B /* Debug */ = {
			isa = XCBuildConfiguration;
			buildSettings = {
				BUNDLE_LOADER = "$(TEST_HOST)";
				FRAMEWORK_SEARCH_PATHS = (
					"$(SDKROOT)/Developer/Library/Frameworks",
					"$(inherited)",
				);
				GCC_PREPROCESSOR_DEFINITIONS = (
					"DEBUG=1",
					"$(inherited)",
				);
				INFOPLIST_FILE = "swift-weekly-issue02Tests/Info.plist";
				LD_RUNPATH_SEARCH_PATHS = "$(inherited) @executable_path/Frameworks @loader_path/Frameworks";
				PRODUCT_NAME = "$(TARGET_NAME)";
				TEST_HOST = "$(BUILT_PRODUCTS_DIR)/swift-weekly-issue02.app/swift-weekly-issue02";
			};
			name = Debug;
		};
		9DF73AB51A053B0A00F1660B /* Release */ = {
			isa = XCBuildConfiguration;
			buildSettings = {
				BUNDLE_LOADER = "$(TEST_HOST)";
				FRAMEWORK_SEARCH_PATHS = (
					"$(SDKROOT)/Developer/Library/Frameworks",
					"$(inherited)",
				);
				INFOPLIST_FILE = "swift-weekly-issue02Tests/Info.plist";
				LD_RUNPATH_SEARCH_PATHS = "$(inherited) @executable_path/Frameworks @loader_path/Frameworks";
				PRODUCT_NAME = "$(TARGET_NAME)";
				TEST_HOST = "$(BUILT_PRODUCTS_DIR)/swift-weekly-issue02.app/swift-weekly-issue02";
			};
			name = Release;
		};
/* End XCBuildConfiguration section */

/* Begin XCConfigurationList section */
		9DF73A8C1A053B0A00F1660B /* Build configuration list for PBXProject "swift-weekly-issue02" */ = {
			isa = XCConfigurationList;
			buildConfigurations = (
				9DF73AAE1A053B0A00F1660B /* Debug */,
				9DF73AAF1A053B0A00F1660B /* Release */,
			);
			defaultConfigurationIsVisible = 0;
			defaultConfigurationName = Release;
		};
		9DF73AB01A053B0A00F1660B /* Build configuration list for PBXNativeTarget "swift-weekly-issue02" */ = {
			isa = XCConfigurationList;
			buildConfigurations = (
				9DF73AB11A053B0A00F1660B /* Debug */,
				9DF73AB21A053B0A00F1660B /* Release */,
			);
			defaultConfigurationIsVisible = 0;
		};
		9DF73AB31A053B0A00F1660B /* Build configuration list for PBXNativeTarget "swift-weekly-issue02Tests" */ = {
			isa = XCConfigurationList;
			buildConfigurations = (
				9DF73AB41A053B0A00F1660B /* Debug */,
				9DF73AB51A053B0A00F1660B /* Release */,
			);
			defaultConfigurationIsVisible = 0;
		};
/* End XCConfigurationList section */
	};
	rootObject = 9DF73A891A053B0A00F1660B /* Project object */;
}
