// !$*UTF8*$!
{
	archiveVersion = 1;
	classes = {
	};
	objectVersion = 46;
	objects = {

/* Begin PBXBuildFile section */
		9DB9A0111A063E6E00D451B3 /* AppDelegate.swift in Sources */ = {isa = PBXBuildFile; fileRef = 9DB9A0101A063E6E00D451B3 /* AppDelegate.swift */; };
		9DB9A0131A063E6E00D451B3 /* ViewController.swift in Sources */ = {isa = PBXBuildFile; fileRef = 9DB9A0121A063E6E00D451B3 /* ViewController.swift */; };
		9DB9A0161A063E6E00D451B3 /* Main.storyboard in Resources */ = {isa = PBXBuildFile; fileRef = 9DB9A0141A063E6E00D451B3 /* Main.storyboard */; };
		9DB9A0181A063E6E00D451B3 /* Images.xcassets in Resources */ = {isa = PBXBuildFile; fileRef = 9DB9A0171A063E6E00D451B3 /* Images.xcassets */; };
		9DB9A01B1A063E6E00D451B3 /* LaunchScreen.xib in Resources */ = {isa = PBXBuildFile; fileRef = 9DB9A0191A063E6E00D451B3 /* LaunchScreen.xib */; };
		9DB9A0271A063E6E00D451B3 /* swift_weeklyTests.swift in Sources */ = {isa = PBXBuildFile; fileRef = 9DB9A0261A063E6E00D451B3 /* swift_weeklyTests.swift */; };
		9DB9A0311A063EB300D451B3 /* Person.swift in Sources */ = {isa = PBXBuildFile; fileRef = 9DB9A0301A063EB300D451B3 /* Person.swift */; };
/* End PBXBuildFile section */

/* Begin PBXContainerItemProxy section */
		9DB9A0211A063E6E00D451B3 /* PBXContainerItemProxy */ = {
			isa = PBXContainerItemProxy;
			containerPortal = 9DB9A0031A063E6E00D451B3 /* Project object */;
			proxyType = 1;
			remoteGlobalIDString = 9DB9A00A1A063E6E00D451B3;
			remoteInfo = "swift-weekly";
		};
/* End PBXContainerItemProxy section */

/* Begin PBXFileReference section */
		9DB9A00B1A063E6E00D451B3 /* swift-weekly.app */ = {isa = PBXFileReference; explicitFileType = wrapper.application; includeInIndex = 0; path = "swift-weekly.app"; sourceTree = BUILT_PRODUCTS_DIR; };
		9DB9A00F1A063E6E00D451B3 /* Info.plist */ = {isa = PBXFileReference; lastKnownFileType = text.plist.xml; path = Info.plist; sourceTree = "<group>"; };
		9DB9A0101A063E6E00D451B3 /* AppDelegate.swift */ = {isa = PBXFileReference; lastKnownFileType = sourcecode.swift; path = AppDelegate.swift; sourceTree = "<group>"; };
		9DB9A0121A063E6E00D451B3 /* ViewController.swift */ = {isa = PBXFileReference; lastKnownFileType = sourcecode.swift; path = ViewController.swift; sourceTree = "<group>"; };
		9DB9A0151A063E6E00D451B3 /* Base */ = {isa = PBXFileReference; lastKnownFileType = file.storyboard; name = Base; path = Base.lproj/Main.storyboard; sourceTree = "<group>"; };
		9DB9A0171A063E6E00D451B3 /* Images.xcassets */ = {isa = PBXFileReference; lastKnownFileType = folder.assetcatalog; path = Images.xcassets; sourceTree = "<group>"; };
		9DB9A01A1A063E6E00D451B3 /* Base */ = {isa = PBXFileReference; lastKnownFileType = file.xib; name = Base; path = Base.lproj/LaunchScreen.xib; sourceTree = "<group>"; };
		9DB9A0201A063E6E00D451B3 /* swift-weeklyTests.xctest */ = {isa = PBXFileReference; explicitFileType = wrapper.cfbundle; includeInIndex = 0; path = "swift-weeklyTests.xctest"; sourceTree = BUILT_PRODUCTS_DIR; };
		9DB9A0251A063E6E00D451B3 /* Info.plist */ = {isa = PBXFileReference; lastKnownFileType = text.plist.xml; path = Info.plist; sourceTree = "<group>"; };
		9DB9A0261A063E6E00D451B3 /* swift_weeklyTests.swift */ = {isa = PBXFileReference; lastKnownFileType = sourcecode.swift; path = swift_weeklyTests.swift; sourceTree = "<group>"; };
		9DB9A0301A063EB300D451B3 /* Person.swift */ = {isa = PBXFileReference; fileEncoding = 4; lastKnownFileType = sourcecode.swift; path = Person.swift; sourceTree = "<group>"; };
/* End PBXFileReference section */

/* Begin PBXFrameworksBuildPhase section */
		9DB9A0081A063E6E00D451B3 /* Frameworks */ = {
			isa = PBXFrameworksBuildPhase;
			buildActionMask = 2147483647;
			files = (
			);
			runOnlyForDeploymentPostprocessing = 0;
		};
		9DB9A01D1A063E6E00D451B3 /* Frameworks */ = {
			isa = PBXFrameworksBuildPhase;
			buildActionMask = 2147483647;
			files = (
			);
			runOnlyForDeploymentPostprocessing = 0;
		};
/* End PBXFrameworksBuildPhase section */

/* Begin PBXGroup section */
		9DB9A0021A063E6E00D451B3 = {
			isa = PBXGroup;
			children = (
				9DB9A00D1A063E6E00D451B3 /* swift-weekly */,
				9DB9A0231A063E6E00D451B3 /* swift-weeklyTests */,
				9DB9A00C1A063E6E00D451B3 /* Products */,
			);
			sourceTree = "<group>";
		};
		9DB9A00C1A063E6E00D451B3 /* Products */ = {
			isa = PBXGroup;
			children = (
				9DB9A00B1A063E6E00D451B3 /* swift-weekly.app */,
				9DB9A0201A063E6E00D451B3 /* swift-weeklyTests.xctest */,
			);
			name = Products;
			sourceTree = "<group>";
		};
		9DB9A00D1A063E6E00D451B3 /* swift-weekly */ = {
			isa = PBXGroup;
			children = (
				9DB9A0101A063E6E00D451B3 /* AppDelegate.swift */,
				9DB9A0121A063E6E00D451B3 /* ViewController.swift */,
				9DB9A0141A063E6E00D451B3 /* Main.storyboard */,
				9DB9A0171A063E6E00D451B3 /* Images.xcassets */,
				9DB9A0191A063E6E00D451B3 /* LaunchScreen.xib */,
				9DB9A00E1A063E6E00D451B3 /* Supporting Files */,
				9DB9A0301A063EB300D451B3 /* Person.swift */,
			);
			path = "swift-weekly";
			sourceTree = "<group>";
		};
		9DB9A00E1A063E6E00D451B3 /* Supporting Files */ = {
			isa = PBXGroup;
			children = (
				9DB9A00F1A063E6E00D451B3 /* Info.plist */,
			);
			name = "Supporting Files";
			sourceTree = "<group>";
		};
		9DB9A0231A063E6E00D451B3 /* swift-weeklyTests */ = {
			isa = PBXGroup;
			children = (
				9DB9A0261A063E6E00D451B3 /* swift_weeklyTests.swift */,
				9DB9A0241A063E6E00D451B3 /* Supporting Files */,
			);
			path = "swift-weeklyTests";
			sourceTree = "<group>";
		};
		9DB9A0241A063E6E00D451B3 /* Supporting Files */ = {
			isa = PBXGroup;
			children = (
				9DB9A0251A063E6E00D451B3 /* Info.plist */,
			);
			name = "Supporting Files";
			sourceTree = "<group>";
		};
/* End PBXGroup section */

/* Begin PBXNativeTarget section */
		9DB9A00A1A063E6E00D451B3 /* swift-weekly */ = {
			isa = PBXNativeTarget;
			buildConfigurationList = 9DB9A02A1A063E6E00D451B3 /* Build configuration list for PBXNativeTarget "swift-weekly" */;
			buildPhases = (
				9DB9A0071A063E6E00D451B3 /* Sources */,
				9DB9A0081A063E6E00D451B3 /* Frameworks */,
				9DB9A0091A063E6E00D451B3 /* Resources */,
			);
			buildRules = (
			);
			dependencies = (
			);
			name = "swift-weekly";
			productName = "swift-weekly";
			productReference = 9DB9A00B1A063E6E00D451B3 /* swift-weekly.app */;
			productType = "com.apple.product-type.application";
		};
		9DB9A01F1A063E6E00D451B3 /* swift-weeklyTests */ = {
			isa = PBXNativeTarget;
			buildConfigurationList = 9DB9A02D1A063E6E00D451B3 /* Build configuration list for PBXNativeTarget "swift-weeklyTests" */;
			buildPhases = (
				9DB9A01C1A063E6E00D451B3 /* Sources */,
				9DB9A01D1A063E6E00D451B3 /* Frameworks */,
				9DB9A01E1A063E6E00D451B3 /* Resources */,
			);
			buildRules = (
			);
			dependencies = (
				9DB9A0221A063E6E00D451B3 /* PBXTargetDependency */,
			);
			name = "swift-weeklyTests";
			productName = "swift-weeklyTests";
			productReference = 9DB9A0201A063E6E00D451B3 /* swift-weeklyTests.xctest */;
			productType = "com.apple.product-type.bundle.unit-test";
		};
/* End PBXNativeTarget section */

/* Begin PBXProject section */
		9DB9A0031A063E6E00D451B3 /* Project object */ = {
			isa = PBXProject;
			attributes = {
				LastUpgradeCheck = 0610;
				ORGANIZATIONNAME = "Pixolity Ltd.";
				TargetAttributes = {
					9DB9A00A1A063E6E00D451B3 = {
						CreatedOnToolsVersion = 6.1;
					};
					9DB9A01F1A063E6E00D451B3 = {
						CreatedOnToolsVersion = 6.1;
						TestTargetID = 9DB9A00A1A063E6E00D451B3;
					};
				};
			};
			buildConfigurationList = 9DB9A0061A063E6E00D451B3 /* Build configuration list for PBXProject "swift-weekly" */;
			compatibilityVersion = "Xcode 3.2";
			developmentRegion = English;
			hasScannedForEncodings = 0;
			knownRegions = (
				en,
				Base,
			);
			mainGroup = 9DB9A0021A063E6E00D451B3;
			productRefGroup = 9DB9A00C1A063E6E00D451B3 /* Products */;
			projectDirPath = "";
			projectRoot = "";
			targets = (
				9DB9A00A1A063E6E00D451B3 /* swift-weekly */,
				9DB9A01F1A063E6E00D451B3 /* swift-weeklyTests */,
			);
		};
/* End PBXProject section */

/* Begin PBXResourcesBuildPhase section */
		9DB9A0091A063E6E00D451B3 /* Resources */ = {
			isa = PBXResourcesBuildPhase;
			buildActionMask = 2147483647;
			files = (
				9DB9A0161A063E6E00D451B3 /* Main.storyboard in Resources */,
				9DB9A01B1A063E6E00D451B3 /* LaunchScreen.xib in Resources */,
				9DB9A0181A063E6E00D451B3 /* Images.xcassets in Resources */,
			);
			runOnlyForDeploymentPostprocessing = 0;
		};
		9DB9A01E1A063E6E00D451B3 /* Resources */ = {
			isa = PBXResourcesBuildPhase;
			buildActionMask = 2147483647;
			files = (
			);
			runOnlyForDeploymentPostprocessing = 0;
		};
/* End PBXResourcesBuildPhase section */

/* Begin PBXSourcesBuildPhase section */
		9DB9A0071A063E6E00D451B3 /* Sources */ = {
			isa = PBXSourcesBuildPhase;
			buildActionMask = 2147483647;
			files = (
				9DB9A0311A063EB300D451B3 /* Person.swift in Sources */,
				9DB9A0131A063E6E00D451B3 /* ViewController.swift in Sources */,
				9DB9A0111A063E6E00D451B3 /* AppDelegate.swift in Sources */,
			);
			runOnlyForDeploymentPostprocessing = 0;
		};
		9DB9A01C1A063E6E00D451B3 /* Sources */ = {
			isa = PBXSourcesBuildPhase;
			buildActionMask = 2147483647;
			files = (
				9DB9A0271A063E6E00D451B3 /* swift_weeklyTests.swift in Sources */,
			);
			runOnlyForDeploymentPostprocessing = 0;
		};
/* End PBXSourcesBuildPhase section */

/* Begin PBXTargetDependency section */
		9DB9A0221A063E6E00D451B3 /* PBXTargetDependency */ = {
			isa = PBXTargetDependency;
			target = 9DB9A00A1A063E6E00D451B3 /* swift-weekly */;
			targetProxy = 9DB9A0211A063E6E00D451B3 /* PBXContainerItemProxy */;
		};
/* End PBXTargetDependency section */

/* Begin PBXVariantGroup section */
		9DB9A0141A063E6E00D451B3 /* Main.storyboard */ = {
			isa = PBXVariantGroup;
			children = (
				9DB9A0151A063E6E00D451B3 /* Base */,
			);
			name = Main.storyboard;
			sourceTree = "<group>";
		};
		9DB9A0191A063E6E00D451B3 /* LaunchScreen.xib */ = {
			isa = PBXVariantGroup;
			children = (
				9DB9A01A1A063E6E00D451B3 /* Base */,
			);
			name = LaunchScreen.xib;
			sourceTree = "<group>";
		};
/* End PBXVariantGroup section */

/* Begin XCBuildConfiguration section */
		9DB9A0281A063E6E00D451B3 /* Debug */ = {
			isa = XCBuildConfiguration;
			buildSettings = {
				ALWAYS_SEARCH_USER_PATHS = NO;
				CLANG_CXX_LANGUAGE_STANDARD = "gnu++0x";
				CLANG_CXX_LIBRARY = "libc++";
				CLANG_ENABLE_MODULES = YES;
				CLANG_ENABLE_OBJC_ARC = YES;
				CLANG_WARN_BOOL_CONVERSION = YES;
				CLANG_WARN_CONSTANT_CONVERSION = YES;
				CLANG_WARN_DIRECT_OBJC_ISA_USAGE = YES_ERROR;
				CLANG_WARN_EMPTY_BODY = YES;
				CLANG_WARN_ENUM_CONVERSION = YES;
				CLANG_WARN_INT_CONVERSION = YES;
				CLANG_WARN_OBJC_ROOT_CLASS = YES_ERROR;
				CLANG_WARN_UNREACHABLE_CODE = YES;
				CLANG_WARN__DUPLICATE_METHOD_MATCH = YES;
				"CODE_SIGN_IDENTITY[sdk=iphoneos*]" = "iPhone Developer";
				COPY_PHASE_STRIP = NO;
				ENABLE_STRICT_OBJC_MSGSEND = YES;
				GCC_C_LANGUAGE_STANDARD = gnu99;
				GCC_DYNAMIC_NO_PIC = NO;
				GCC_OPTIMIZATION_LEVEL = 0;
				GCC_PREPROCESSOR_DEFINITIONS = (
					"DEBUG=1",
					"$(inherited)",
				);
				GCC_SYMBOLS_PRIVATE_EXTERN = NO;
				GCC_WARN_64_TO_32_BIT_CONVERSION = YES;
				GCC_WARN_ABOUT_RETURN_TYPE = YES_ERROR;
				GCC_WARN_UNDECLARED_SELECTOR = YES;
				GCC_WARN_UNINITIALIZED_AUTOS = YES_AGGRESSIVE;
				GCC_WARN_UNUSED_FUNCTION = YES;
				GCC_WARN_UNUSED_VARIABLE = YES;
				IPHONEOS_DEPLOYMENT_TARGET = 8.1;
				MTL_ENABLE_DEBUG_INFO = YES;
				ONLY_ACTIVE_ARCH = YES;
				SDKROOT = iphoneos;
				SWIFT_OPTIMIZATION_LEVEL = "-Onone";
				TARGETED_DEVICE_FAMILY = "1,2";
			};
			name = Debug;
		};
		9DB9A0291A063E6E00D451B3 /* Release */ = {
			isa = XCBuildConfiguration;
			buildSettings = {
				ALWAYS_SEARCH_USER_PATHS = NO;
				CLANG_CXX_LANGUAGE_STANDARD = "gnu++0x";
				CLANG_CXX_LIBRARY = "libc++";
				CLANG_ENABLE_MODULES = YES;
				CLANG_ENABLE_OBJC_ARC = YES;
				CLANG_WARN_BOOL_CONVERSION = YES;
				CLANG_WARN_CONSTANT_CONVERSION = YES;
				CLANG_WARN_DIRECT_OBJC_ISA_USAGE = YES_ERROR;
				CLANG_WARN_EMPTY_BODY = YES;
				CLANG_WARN_ENUM_CONVERSION = YES;
				CLANG_WARN_INT_CONVERSION = YES;
				CLANG_WARN_OBJC_ROOT_CLASS = YES_ERROR;
				CLANG_WARN_UNREACHABLE_CODE = YES;
				CLANG_WARN__DUPLICATE_METHOD_MATCH = YES;
				"CODE_SIGN_IDENTITY[sdk=iphoneos*]" = "iPhone Developer";
				COPY_PHASE_STRIP = YES;
				ENABLE_NS_ASSERTIONS = NO;
				ENABLE_STRICT_OBJC_MSGSEND = YES;
				GCC_C_LANGUAGE_STANDARD = gnu99;
				GCC_WARN_64_TO_32_BIT_CONVERSION = YES;
				GCC_WARN_ABOUT_RETURN_TYPE = YES_ERROR;
				GCC_WARN_UNDECLARED_SELECTOR = YES;
				GCC_WARN_UNINITIALIZED_AUTOS = YES_AGGRESSIVE;
				GCC_WARN_UNUSED_FUNCTION = YES;
				GCC_WARN_UNUSED_VARIABLE = YES;
				IPHONEOS_DEPLOYMENT_TARGET = 8.1;
				MTL_ENABLE_DEBUG_INFO = NO;
				SDKROOT = iphoneos;
				TARGETED_DEVICE_FAMILY = "1,2";
				VALIDATE_PRODUCT = YES;
			};
			name = Release;
		};
		9DB9A02B1A063E6E00D451B3 /* Debug */ = {
			isa = XCBuildConfiguration;
			buildSettings = {
				ASSETCATALOG_COMPILER_APPICON_NAME = AppIcon;
				INFOPLIST_FILE = "swift-weekly/Info.plist";
				LD_RUNPATH_SEARCH_PATHS = "$(inherited) @executable_path/Frameworks";
				ONLY_ACTIVE_ARCH = NO;
				PRODUCT_NAME = "$(TARGET_NAME)";
			};
			name = Debug;
		};
		9DB9A02C1A063E6E00D451B3 /* Release */ = {
			isa = XCBuildConfiguration;
			buildSettings = {
				ASSETCATALOG_COMPILER_APPICON_NAME = AppIcon;
				INFOPLIST_FILE = "swift-weekly/Info.plist";
				LD_RUNPATH_SEARCH_PATHS = "$(inherited) @executable_path/Frameworks";
				PRODUCT_NAME = "$(TARGET_NAME)";
			};
			name = Release;
		};
		9DB9A02E1A063E6E00D451B3 /* Debug */ = {
			isa = XCBuildConfiguration;
			buildSettings = {
				BUNDLE_LOADER = "$(TEST_HOST)";
				FRAMEWORK_SEARCH_PATHS = (
					"$(SDKROOT)/Developer/Library/Frameworks",
					"$(inherited)",
				);
				GCC_PREPROCESSOR_DEFINITIONS = (
					"DEBUG=1",
					"$(inherited)",
				);
				INFOPLIST_FILE = "swift-weeklyTests/Info.plist";
				LD_RUNPATH_SEARCH_PATHS = "$(inherited) @executable_path/Frameworks @loader_path/Frameworks";
				PRODUCT_NAME = "$(TARGET_NAME)";
				TEST_HOST = "$(BUILT_PRODUCTS_DIR)/swift-weekly.app/swift-weekly";
			};
			name = Debug;
		};
		9DB9A02F1A063E6E00D451B3 /* Release */ = {
			isa = XCBuildConfiguration;
			buildSettings = {
				BUNDLE_LOADER = "$(TEST_HOST)";
				FRAMEWORK_SEARCH_PATHS = (
					"$(SDKROOT)/Developer/Library/Frameworks",
					"$(inherited)",
				);
				INFOPLIST_FILE = "swift-weeklyTests/Info.plist";
				LD_RUNPATH_SEARCH_PATHS = "$(inherited) @executable_path/Frameworks @loader_path/Frameworks";
				PRODUCT_NAME = "$(TARGET_NAME)";
				TEST_HOST = "$(BUILT_PRODUCTS_DIR)/swift-weekly.app/swift-weekly";
			};
			name = Release;
		};
/* End XCBuildConfiguration section */

/* Begin XCConfigurationList section */
		9DB9A0061A063E6E00D451B3 /* Build configuration list for PBXProject "swift-weekly" */ = {
			isa = XCConfigurationList;
			buildConfigurations = (
				9DB9A0281A063E6E00D451B3 /* Debug */,
				9DB9A0291A063E6E00D451B3 /* Release */,
			);
			defaultConfigurationIsVisible = 0;
			defaultConfigurationName = Release;
		};
		9DB9A02A1A063E6E00D451B3 /* Build configuration list for PBXNativeTarget "swift-weekly" */ = {
			isa = XCConfigurationList;
			buildConfigurations = (
				9DB9A02B1A063E6E00D451B3 /* Debug */,
				9DB9A02C1A063E6E00D451B3 /* Release */,
			);
			defaultConfigurationIsVisible = 0;
			defaultConfigurationName = Release;
		};
		9DB9A02D1A063E6E00D451B3 /* Build configuration list for PBXNativeTarget "swift-weeklyTests" */ = {
			isa = XCConfigurationList;
			buildConfigurations = (
				9DB9A02E1A063E6E00D451B3 /* Debug */,
				9DB9A02F1A063E6E00D451B3 /* Release */,
			);
			defaultConfigurationIsVisible = 0;
			defaultConfigurationName = Release;
		};
/* End XCConfigurationList section */
	};
	rootObject = 9DB9A0031A063E6E00D451B3 /* Project object */;
}
